
Microsoft Visual Studio Solution File, Format Version 12.00
# Visual Studio 15
VisualStudioVersion = 15.0.27703.2026
MinimumVisualStudioVersion = 10.0.40219.1
Project("{9A19103F-16F7-4668-BE54-9A1E7A4F7556}") = "Model", "Model\Model.csproj", "{60CB5F47-78B4-43F0-B2DE-0CD01D6C3089}"
EndProject
Project("{FAE04EC0-301F-11D3-BF4B-00C04F79EFBC}") = "DesktopForms", "DesktopFOrms\DesktopForms.csproj", "{7EE9D7F2-637C-45CF-909C-CB03E507B23C}"
EndProject
Project("{9A19103F-16F7-4668-BE54-9A1E7A4F7556}") = "DatabaseBootstrap", "DatabaseBootstrap\DatabaseBootstrap.csproj", "{FEE4D1DE-6086-434B-AAA7-7605D9C99533}"
EndProject
Global
	GlobalSection(SolutionConfigurationPlatforms) = preSolution
		Debug|Any CPU = Debug|Any CPU
		Debug|ARM = Debug|ARM
		Debug|x64 = Debug|x64
		Debug|x86 = Debug|x86
		Release|Any CPU = Release|Any CPU
		Release|ARM = Release|ARM
		Release|x64 = Release|x64
		Release|x86 = Release|x86
	EndGlobalSection
	GlobalSection(ProjectConfigurationPlatforms) = postSolution
		{60CB5F47-78B4-43F0-B2DE-0CD01D6C3089}.Debug|Any CPU.ActiveCfg = Debug|Any CPU
		{60CB5F47-78B4-43F0-B2DE-0CD01D6C3089}.Debug|Any CPU.Build.0 = Debug|Any CPU
		{60CB5F47-78B4-43F0-B2DE-0CD01D6C3089}.Debug|ARM.ActiveCfg = Debug|Any CPU
		{60CB5F47-78B4-43F0-B2DE-0CD01D6C3089}.Debug|ARM.Build.0 = Debug|Any CPU
		{60CB5F47-78B4-43F0-B2DE-0CD01D6C3089}.Debug|x64.ActiveCfg = Debug|Any CPU
		{60CB5F47-78B4-43F0-B2DE-0CD01D6C3089}.Debug|x64.Build.0 = Debug|Any CPU
		{60CB5F47-78B4-43F0-B2DE-0CD01D6C3089}.Debug|x86.ActiveCfg = Debug|Any CPU
		{60CB5F47-78B4-43F0-B2DE-0CD01D6C3089}.Debug|x86.Build.0 = Debug|Any CPU
		{60CB5F47-78B4-43F0-B2DE-0CD01D6C3089}.Release|Any CPU.ActiveCfg = Release|Any CPU
		{60CB5F47-78B4-43F0-B2DE-0CD01D6C3089}.Release|Any CPU.Build.0 = Release|Any CPU
		{60CB5F47-78B4-43F0-B2DE-0CD01D6C3089}.Release|ARM.ActiveCfg = Release|Any CPU
		{60CB5F47-78B4-43F0-B2DE-0CD01D6C3089}.Release|ARM.Build.0 = Release|Any CPU
		{60CB5F47-78B4-43F0-B2DE-0CD01D6C3089}.Release|x64.ActiveCfg = Release|Any CPU
		{60CB5F47-78B4-43F0-B2DE-0CD01D6C3089}.Release|x64.Build.0 = Release|Any CPU
		{60CB5F47-78B4-43F0-B2DE-0CD01D6C3089}.Release|x86.ActiveCfg = Release|Any CPU
		{60CB5F47-78B4-43F0-B2DE-0CD01D6C3089}.Release|x86.Build.0 = Release|Any CPU
		{7EE9D7F2-637C-45CF-909C-CB03E507B23C}.Debug|Any CPU.ActiveCfg = Debug|Any CPU
		{7EE9D7F2-637C-45CF-909C-CB03E507B23C}.Debug|Any CPU.Build.0 = Debug|Any CPU
		{7EE9D7F2-637C-45CF-909C-CB03E507B23C}.Debug|ARM.ActiveCfg = Debug|Any CPU
		{7EE9D7F2-637C-45CF-909C-CB03E507B23C}.Debug|ARM.Build.0 = Debug|Any CPU
		{7EE9D7F2-637C-45CF-909C-CB03E507B23C}.Debug|x64.ActiveCfg = Debug|Any CPU
		{7EE9D7F2-637C-45CF-909C-CB03E507B23C}.Debug|x64.Build.0 = Debug|Any CPU
		{7EE9D7F2-637C-45CF-909C-CB03E507B23C}.Debug|x86.ActiveCfg = Debug|Any CPU
		{7EE9D7F2-637C-45CF-909C-CB03E507B23C}.Debug|x86.Build.0 = Debug|Any CPU
		{7EE9D7F2-637C-45CF-909C-CB03E507B23C}.Release|Any CPU.ActiveCfg = Release|Any CPU
		{7EE9D7F2-637C-45CF-909C-CB03E507B23C}.Release|Any CPU.Build.0 = Release|Any CPU
		{7EE9D7F2-637C-45CF-909C-CB03E507B23C}.Release|ARM.ActiveCfg = Release|Any CPU
		{7EE9D7F2-637C-45CF-909C-CB03E507B23C}.Release|ARM.Build.0 = Release|Any CPU
		{7EE9D7F2-637C-45CF-909C-CB03E507B23C}.Release|x64.ActiveCfg = Release|Any CPU
		{7EE9D7F2-637C-45CF-909C-CB03E507B23C}.Release|x64.Build.0 = Release|Any CPU
		{7EE9D7F2-637C-45CF-909C-CB03E507B23C}.Release|x86.ActiveCfg = Release|Any CPU
		{7EE9D7F2-637C-45CF-909C-CB03E507B23C}.Release|x86.Build.0 = Release|Any CPU
		{FEE4D1DE-6086-434B-AAA7-7605D9C99533}.Debug|Any CPU.ActiveCfg = Debug|Any CPU
		{FEE4D1DE-6086-434B-AAA7-7605D9C99533}.Debug|Any CPU.Build.0 = Debug|Any CPU
		{FEE4D1DE-6086-434B-AAA7-7605D9C99533}.Debug|ARM.ActiveCfg = Debug|Any CPU
		{FEE4D1DE-6086-434B-AAA7-7605D9C99533}.Debug|ARM.Build.0 = Debug|Any CPU
		{FEE4D1DE-6086-434B-AAA7-7605D9C99533}.Debug|x64.ActiveCfg = Debug|Any CPU
		{FEE4D1DE-6086-434B-AAA7-7605D9C99533}.Debug|x64.Build.0 = Debug|Any CPU
		{FEE4D1DE-6086-434B-AAA7-7605D9C99533}.Debug|x86.ActiveCfg = Debug|Any CPU
		{FEE4D1DE-6086-434B-AAA7-7605D9C99533}.Debug|x86.Build.0 = Debug|Any CPU
		{FEE4D1DE-6086-434B-AAA7-7605D9C99533}.Release|Any CPU.ActiveCfg = Release|Any CPU
		{FEE4D1DE-6086-434B-AAA7-7605D9C99533}.Release|Any CPU.Build.0 = Release|Any CPU
		{FEE4D1DE-6086-434B-AAA7-7605D9C99533}.Release|ARM.ActiveCfg = Release|Any CPU
		{FEE4D1DE-6086-434B-AAA7-7605D9C99533}.Release|ARM.Build.0 = Release|Any CPU
		{FEE4D1DE-6086-434B-AAA7-7605D9C99533}.Release|x64.ActiveCfg = Release|Any CPU
		{FEE4D1DE-6086-434B-AAA7-7605D9C99533}.Release|x64.Build.0 = Release|Any CPU
		{FEE4D1DE-6086-434B-AAA7-7605D9C99533}.Release|x86.ActiveCfg = Release|Any CPU
		{FEE4D1DE-6086-434B-AAA7-7605D9C99533}.Release|x86.Build.0 = Release|Any CPU
	EndGlobalSection
	GlobalSection(SolutionProperties) = preSolution
		HideSolutionNode = FALSE
	EndGlobalSection
	GlobalSection(ExtensibilityGlobals) = postSolution
		SolutionGuid = {7DB6551E-8AB2-442F-81CB-8068E4B9C264}
	EndGlobalSection
EndGlobal
